
Microsoft Visual Studio Solution File, Format Version 12.00
# Visual Studio Version 17
VisualStudioVersion = 17.0.31903.59
MinimumVisualStudioVersion = 10.0.40219.1
Project("{FAE04EC0-301F-11D3-BF4B-00C04F79EFBC}") = "ULog_NET", "VisualStudio\ULog_NET\ULog_NET.csproj", "{5FC638D0-97DB-4D28-BF15-118BEE3EFF5B}"
	ProjectSection(ProjectDependencies) = postProject
		{C0134361-8AFA-40CC-BFF1-6202BA0D0713} = {C0134361-8AFA-40CC-BFF1-6202BA0D0713}
		{B315DDE7-5647-4547-BBE4-B26CB47FDDAA} = {B315DDE7-5647-4547-BBE4-B26CB47FDDAA}
	EndProjectSection
EndProject
Project("{8BC9CEB8-8B4A-11D0-8D11-00A0C91BC942}") = "ULog_DLL", "VisualStudio\ULog_DLL.vcxproj", "{B315DDE7-5647-4547-BBE4-B26CB47FDDAA}"
EndProject
Project("{8BC9CEB8-8B4A-11D0-8D11-00A0C91BC942}") = "ULog_Static", "VisualStudio\ULog_Static.vcxproj", "{C0134361-8AFA-40CC-BFF1-6202BA0D0713}"
EndProject
Global
	GlobalSection(SolutionConfigurationPlatforms) = preSolution
		Debug|Any CPU = Debug|Any CPU
		Debug|x64 = Debug|x64
		Debug|x86 = Debug|x86
		Release|Any CPU = Release|Any CPU
		Release|x64 = Release|x64
		Release|x86 = Release|x86
	EndGlobalSection
	GlobalSection(ProjectConfigurationPlatforms) = postSolution
		{5FC638D0-97DB-4D28-BF15-118BEE3EFF5B}.Debug|Any CPU.ActiveCfg = Debug|Any CPU
		{5FC638D0-97DB-4D28-BF15-118BEE3EFF5B}.Debug|Any CPU.Build.0 = Debug|Any CPU
		{5FC638D0-97DB-4D28-BF15-118BEE3EFF5B}.Debug|x64.ActiveCfg = Debug|Any CPU
		{5FC638D0-97DB-4D28-BF15-118BEE3EFF5B}.Debug|x64.Build.0 = Debug|Any CPU
		{5FC638D0-97DB-4D28-BF15-118BEE3EFF5B}.Debug|x86.ActiveCfg = Debug|Any CPU
		{5FC638D0-97DB-4D28-BF15-118BEE3EFF5B}.Debug|x86.Build.0 = Debug|Any CPU
		{5FC638D0-97DB-4D28-BF15-118BEE3EFF5B}.Release|Any CPU.ActiveCfg = Release|Any CPU
		{5FC638D0-97DB-4D28-BF15-118BEE3EFF5B}.Release|Any CPU.Build.0 = Release|Any CPU
		{5FC638D0-97DB-4D28-BF15-118BEE3EFF5B}.Release|x64.ActiveCfg = Release|Any CPU
		{5FC638D0-97DB-4D28-BF15-118BEE3EFF5B}.Release|x64.Build.0 = Release|Any CPU
		{5FC638D0-97DB-4D28-BF15-118BEE3EFF5B}.Release|x86.ActiveCfg = Release|Any CPU
		{5FC638D0-97DB-4D28-BF15-118BEE3EFF5B}.Release|x86.Build.0 = Release|Any CPU
		{B315DDE7-5647-4547-BBE4-B26CB47FDDAA}.Debug|Any CPU.ActiveCfg = Debug|x64
		{B315DDE7-5647-4547-BBE4-B26CB47FDDAA}.Debug|Any CPU.Build.0 = Debug|x64
		{B315DDE7-5647-4547-BBE4-B26CB47FDDAA}.Debug|x64.ActiveCfg = Debug|x64
		{B315DDE7-5647-4547-BBE4-B26CB47FDDAA}.Debug|x64.Build.0 = Debug|x64
		{B315DDE7-5647-4547-BBE4-B26CB47FDDAA}.Debug|x86.ActiveCfg = Debug|Win32
		{B315DDE7-5647-4547-BBE4-B26CB47FDDAA}.Debug|x86.Build.0 = Debug|Win32
		{B315DDE7-5647-4547-BBE4-B26CB47FDDAA}.Release|Any CPU.ActiveCfg = Release|x64
		{B315DDE7-5647-4547-BBE4-B26CB47FDDAA}.Release|Any CPU.Build.0 = Release|x64
		{B315DDE7-5647-4547-BBE4-B26CB47FDDAA}.Release|x64.ActiveCfg = Release|x64
		{B315DDE7-5647-4547-BBE4-B26CB47FDDAA}.Release|x64.Build.0 = Release|x64
		{B315DDE7-5647-4547-BBE4-B26CB47FDDAA}.Release|x86.ActiveCfg = Release|Win32
		{B315DDE7-5647-4547-BBE4-B26CB47FDDAA}.Release|x86.Build.0 = Release|Win32
		{C0134361-8AFA-40CC-BFF1-6202BA0D0713}.Debug|Any CPU.ActiveCfg = Debug|x64
		{C0134361-8AFA-40CC-BFF1-6202BA0D0713}.Debug|Any CPU.Build.0 = Debug|x64
		{C0134361-8AFA-40CC-BFF1-6202BA0D0713}.Debug|x64.ActiveCfg = Debug|x64
		{C0134361-8AFA-40CC-BFF1-6202BA0D0713}.Debug|x64.Build.0 = Debug|x64
		{C0134361-8AFA-40CC-BFF1-6202BA0D0713}.Debug|x86.ActiveCfg = Debug|Win32
		{C0134361-8AFA-40CC-BFF1-6202BA0D0713}.Debug|x86.Build.0 = Debug|Win32
		{C0134361-8AFA-40CC-BFF1-6202BA0D0713}.Release|Any CPU.ActiveCfg = Release|x64
		{C0134361-8AFA-40CC-BFF1-6202BA0D0713}.Release|Any CPU.Build.0 = Release|x64
		{C0134361-8AFA-40CC-BFF1-6202BA0D0713}.Release|x64.ActiveCfg = Release|x64
		{C0134361-8AFA-40CC-BFF1-6202BA0D0713}.Release|x64.Build.0 = Release|x64
		{C0134361-8AFA-40CC-BFF1-6202BA0D0713}.Release|x86.ActiveCfg = Release|Win32
		{C0134361-8AFA-40CC-BFF1-6202BA0D0713}.Release|x86.Build.0 = Release|Win32
	EndGlobalSection
	GlobalSection(SolutionProperties) = preSolution
		HideSolutionNode = FALSE
	EndGlobalSection
	GlobalSection(ExtensibilityGlobals) = postSolution
		SolutionGuid = {57D3D337-087B-4392-BE73-2663B49931BB}
	EndGlobalSection
EndGlobal
