
Microsoft Visual Studio Solution File, Format Version 12.00
# Visual Studio 15
VisualStudioVersion = 15.0.27004.2006
MinimumVisualStudioVersion = 10.0.40219.1
Project("{8BC9CEB8-8B4A-11D0-8D11-00A0C91BC942}") = "ULog_Static_V120XP", "VisualStudio\ULog_Static_V120XP.vcxproj", "{51AB6AB0-73C5-4F55-A165-91404A1780AF}"
EndProject
Project("{8BC9CEB8-8B4A-11D0-8D11-00A0C91BC942}") = "ULog_Static_V140XP", "VisualStudio\ULog_Static_V140XP.vcxproj", "{CEFE4BCB-1BBA-4583-BDCD-2E4410AC0E92}"
EndProject
Project("{8BC9CEB8-8B4A-11D0-8D11-00A0C91BC942}") = "ULog_DLL_V120XP", "VisualStudio\ULog_DLL_V120XP.vcxproj", "{7E8E4894-8593-4E0E-ACC4-8330DEB631FA}"
EndProject
Project("{8BC9CEB8-8B4A-11D0-8D11-00A0C91BC942}") = "ULog_DLL_V140XP", "VisualStudio\ULog_DLL_V140XP.vcxproj", "{5079D22A-25BD-424A-85C0-9D66CD7D49C6}"
EndProject
Project("{FAE04EC0-301F-11D3-BF4B-00C04F79EFBC}") = "ULog_NET", "VisualStudio\ULog_NET\ULog_NET.csproj", "{5FC638D0-97DB-4D28-BF15-118BEE3EFF5B}"
	ProjectSection(ProjectDependencies) = postProject
		{5079D22A-25BD-424A-85C0-9D66CD7D49C6} = {5079D22A-25BD-424A-85C0-9D66CD7D49C6}
		{7E8E4894-8593-4E0E-ACC4-8330DEB631FA} = {7E8E4894-8593-4E0E-ACC4-8330DEB631FA}
		{51AB6AB0-73C5-4F55-A165-91404A1780AF} = {51AB6AB0-73C5-4F55-A165-91404A1780AF}
		{CEFE4BCB-1BBA-4583-BDCD-2E4410AC0E92} = {CEFE4BCB-1BBA-4583-BDCD-2E4410AC0E92}
	EndProjectSection
EndProject
Project("{8BC9CEB8-8B4A-11D0-8D11-00A0C91BC942}") = "ULog_DLL_V141XP", "VisualStudio\ULog_DLL_V141XP.vcxproj", "{B315DDE7-5647-4547-BBE4-B26CB47FDDAA}"
EndProject
Project("{8BC9CEB8-8B4A-11D0-8D11-00A0C91BC942}") = "ULog_Static_V141XP", "VisualStudio\ULog_Static_V141XP.vcxproj", "{C0134361-8AFA-40CC-BFF1-6202BA0D0713}"
EndProject
Global
	GlobalSection(SolutionConfigurationPlatforms) = preSolution
		Debug|Any CPU = Debug|Any CPU
		Debug|x64 = Debug|x64
		Debug|x86 = Debug|x86
		Release|Any CPU = Release|Any CPU
		Release|x64 = Release|x64
		Release|x86 = Release|x86
	EndGlobalSection
	GlobalSection(ProjectConfigurationPlatforms) = postSolution
		{51AB6AB0-73C5-4F55-A165-91404A1780AF}.Debug|Any CPU.ActiveCfg = Debug|Win32
		{51AB6AB0-73C5-4F55-A165-91404A1780AF}.Debug|x64.ActiveCfg = Debug|x64
		{51AB6AB0-73C5-4F55-A165-91404A1780AF}.Debug|x64.Build.0 = Debug|x64
		{51AB6AB0-73C5-4F55-A165-91404A1780AF}.Debug|x86.ActiveCfg = Debug|Win32
		{51AB6AB0-73C5-4F55-A165-91404A1780AF}.Debug|x86.Build.0 = Debug|Win32
		{51AB6AB0-73C5-4F55-A165-91404A1780AF}.Release|Any CPU.ActiveCfg = Release|Win32
		{51AB6AB0-73C5-4F55-A165-91404A1780AF}.Release|x64.ActiveCfg = Release|x64
		{51AB6AB0-73C5-4F55-A165-91404A1780AF}.Release|x64.Build.0 = Release|x64
		{51AB6AB0-73C5-4F55-A165-91404A1780AF}.Release|x86.ActiveCfg = Release|Win32
		{51AB6AB0-73C5-4F55-A165-91404A1780AF}.Release|x86.Build.0 = Release|Win32
		{CEFE4BCB-1BBA-4583-BDCD-2E4410AC0E92}.Debug|Any CPU.ActiveCfg = Debug|Win32
		{CEFE4BCB-1BBA-4583-BDCD-2E4410AC0E92}.Debug|x64.ActiveCfg = Debug|x64
		{CEFE4BCB-1BBA-4583-BDCD-2E4410AC0E92}.Debug|x64.Build.0 = Debug|x64
		{CEFE4BCB-1BBA-4583-BDCD-2E4410AC0E92}.Debug|x86.ActiveCfg = Debug|Win32
		{CEFE4BCB-1BBA-4583-BDCD-2E4410AC0E92}.Debug|x86.Build.0 = Debug|Win32
		{CEFE4BCB-1BBA-4583-BDCD-2E4410AC0E92}.Release|Any CPU.ActiveCfg = Release|Win32
		{CEFE4BCB-1BBA-4583-BDCD-2E4410AC0E92}.Release|x64.ActiveCfg = Release|x64
		{CEFE4BCB-1BBA-4583-BDCD-2E4410AC0E92}.Release|x64.Build.0 = Release|x64
		{CEFE4BCB-1BBA-4583-BDCD-2E4410AC0E92}.Release|x86.ActiveCfg = Release|Win32
		{CEFE4BCB-1BBA-4583-BDCD-2E4410AC0E92}.Release|x86.Build.0 = Release|Win32
		{7E8E4894-8593-4E0E-ACC4-8330DEB631FA}.Debug|Any CPU.ActiveCfg = Debug|Win32
		{7E8E4894-8593-4E0E-ACC4-8330DEB631FA}.Debug|x64.ActiveCfg = Debug|x64
		{7E8E4894-8593-4E0E-ACC4-8330DEB631FA}.Debug|x64.Build.0 = Debug|x64
		{7E8E4894-8593-4E0E-ACC4-8330DEB631FA}.Debug|x86.ActiveCfg = Debug|Win32
		{7E8E4894-8593-4E0E-ACC4-8330DEB631FA}.Debug|x86.Build.0 = Debug|Win32
		{7E8E4894-8593-4E0E-ACC4-8330DEB631FA}.Release|Any CPU.ActiveCfg = Release|Win32
		{7E8E4894-8593-4E0E-ACC4-8330DEB631FA}.Release|x64.ActiveCfg = Release|x64
		{7E8E4894-8593-4E0E-ACC4-8330DEB631FA}.Release|x64.Build.0 = Release|x64
		{7E8E4894-8593-4E0E-ACC4-8330DEB631FA}.Release|x86.ActiveCfg = Release|Win32
		{7E8E4894-8593-4E0E-ACC4-8330DEB631FA}.Release|x86.Build.0 = Release|Win32
		{5079D22A-25BD-424A-85C0-9D66CD7D49C6}.Debug|Any CPU.ActiveCfg = Debug|Win32
		{5079D22A-25BD-424A-85C0-9D66CD7D49C6}.Debug|x64.ActiveCfg = Debug|x64
		{5079D22A-25BD-424A-85C0-9D66CD7D49C6}.Debug|x64.Build.0 = Debug|x64
		{5079D22A-25BD-424A-85C0-9D66CD7D49C6}.Debug|x86.ActiveCfg = Debug|Win32
		{5079D22A-25BD-424A-85C0-9D66CD7D49C6}.Debug|x86.Build.0 = Debug|Win32
		{5079D22A-25BD-424A-85C0-9D66CD7D49C6}.Release|Any CPU.ActiveCfg = Release|Win32
		{5079D22A-25BD-424A-85C0-9D66CD7D49C6}.Release|x64.ActiveCfg = Release|x64
		{5079D22A-25BD-424A-85C0-9D66CD7D49C6}.Release|x64.Build.0 = Release|x64
		{5079D22A-25BD-424A-85C0-9D66CD7D49C6}.Release|x86.ActiveCfg = Release|Win32
		{5079D22A-25BD-424A-85C0-9D66CD7D49C6}.Release|x86.Build.0 = Release|Win32
		{5FC638D0-97DB-4D28-BF15-118BEE3EFF5B}.Debug|Any CPU.ActiveCfg = Debug|Any CPU
		{5FC638D0-97DB-4D28-BF15-118BEE3EFF5B}.Debug|Any CPU.Build.0 = Debug|Any CPU
		{5FC638D0-97DB-4D28-BF15-118BEE3EFF5B}.Debug|x64.ActiveCfg = Debug|Any CPU
		{5FC638D0-97DB-4D28-BF15-118BEE3EFF5B}.Debug|x64.Build.0 = Debug|Any CPU
		{5FC638D0-97DB-4D28-BF15-118BEE3EFF5B}.Debug|x86.ActiveCfg = Debug|Any CPU
		{5FC638D0-97DB-4D28-BF15-118BEE3EFF5B}.Debug|x86.Build.0 = Debug|Any CPU
		{5FC638D0-97DB-4D28-BF15-118BEE3EFF5B}.Release|Any CPU.ActiveCfg = Release|Any CPU
		{5FC638D0-97DB-4D28-BF15-118BEE3EFF5B}.Release|Any CPU.Build.0 = Release|Any CPU
		{5FC638D0-97DB-4D28-BF15-118BEE3EFF5B}.Release|x64.ActiveCfg = Release|Any CPU
		{5FC638D0-97DB-4D28-BF15-118BEE3EFF5B}.Release|x64.Build.0 = Release|Any CPU
		{5FC638D0-97DB-4D28-BF15-118BEE3EFF5B}.Release|x86.ActiveCfg = Release|Any CPU
		{5FC638D0-97DB-4D28-BF15-118BEE3EFF5B}.Release|x86.Build.0 = Release|Any CPU
		{B315DDE7-5647-4547-BBE4-B26CB47FDDAA}.Debug|Any CPU.ActiveCfg = Debug|Win32
		{B315DDE7-5647-4547-BBE4-B26CB47FDDAA}.Debug|x64.ActiveCfg = Debug|x64
		{B315DDE7-5647-4547-BBE4-B26CB47FDDAA}.Debug|x64.Build.0 = Debug|x64
		{B315DDE7-5647-4547-BBE4-B26CB47FDDAA}.Debug|x86.ActiveCfg = Debug|Win32
		{B315DDE7-5647-4547-BBE4-B26CB47FDDAA}.Debug|x86.Build.0 = Debug|Win32
		{B315DDE7-5647-4547-BBE4-B26CB47FDDAA}.Release|Any CPU.ActiveCfg = Release|Win32
		{B315DDE7-5647-4547-BBE4-B26CB47FDDAA}.Release|x64.ActiveCfg = Release|x64
		{B315DDE7-5647-4547-BBE4-B26CB47FDDAA}.Release|x64.Build.0 = Release|x64
		{B315DDE7-5647-4547-BBE4-B26CB47FDDAA}.Release|x86.ActiveCfg = Release|Win32
		{B315DDE7-5647-4547-BBE4-B26CB47FDDAA}.Release|x86.Build.0 = Release|Win32
		{C0134361-8AFA-40CC-BFF1-6202BA0D0713}.Debug|Any CPU.ActiveCfg = Debug|Win32
		{C0134361-8AFA-40CC-BFF1-6202BA0D0713}.Debug|x64.ActiveCfg = Debug|x64
		{C0134361-8AFA-40CC-BFF1-6202BA0D0713}.Debug|x64.Build.0 = Debug|x64
		{C0134361-8AFA-40CC-BFF1-6202BA0D0713}.Debug|x86.ActiveCfg = Debug|Win32
		{C0134361-8AFA-40CC-BFF1-6202BA0D0713}.Debug|x86.Build.0 = Debug|Win32
		{C0134361-8AFA-40CC-BFF1-6202BA0D0713}.Release|Any CPU.ActiveCfg = Release|Win32
		{C0134361-8AFA-40CC-BFF1-6202BA0D0713}.Release|x64.ActiveCfg = Release|x64
		{C0134361-8AFA-40CC-BFF1-6202BA0D0713}.Release|x64.Build.0 = Release|x64
		{C0134361-8AFA-40CC-BFF1-6202BA0D0713}.Release|x86.ActiveCfg = Release|Win32
		{C0134361-8AFA-40CC-BFF1-6202BA0D0713}.Release|x86.Build.0 = Release|Win32
	EndGlobalSection
	GlobalSection(SolutionProperties) = preSolution
		HideSolutionNode = FALSE
	EndGlobalSection
	GlobalSection(ExtensibilityGlobals) = postSolution
		SolutionGuid = {57D3D337-087B-4392-BE73-2663B49931BB}
	EndGlobalSection
EndGlobal
