<?xml version="1.0" encoding="utf-8"?>
<Project ToolsVersion="4.0" xmlns="http://schemas.microsoft.com/developer/msbuild/2003">
  <ItemGroup>
    <Filter Include="Source Files">
      <UniqueIdentifier>{4FC737F1-C7A5-4376-A066-2A32D752A2FF}</UniqueIdentifier>
      <Extensions>cpp;c;cc;cxx;def;odl;idl;hpj;bat;asm;asmx</Extensions>
    </Filter>
    <Filter Include="Header Files">
      <UniqueIdentifier>{93995380-89BD-4b04-88EB-625FBE52EBFB}</UniqueIdentifier>
      <Extensions>h;hh;hpp;hxx;hm;inl;inc;xsd</Extensions>
    </Filter>
    <Filter Include="Resource Files">
      <UniqueIdentifier>{67DA6AB6-F800-4c08-8B7A-83BB121AAD01}</UniqueIdentifier>
      <Extensions>rc;ico;cur;bmp;dlg;rc2;rct;bin;rgs;gif;jpg;jpeg;jpe;resx;tiff;tif;png;wav;mfcribbon-ms</Extensions>
    </Filter>
    <Filter Include="Source Files\C">
      <UniqueIdentifier>{5d572fbe-df44-4e98-badd-83fbeb902afb}</UniqueIdentifier>
    </Filter>
    <Filter Include="Source Files\CXX">
      <UniqueIdentifier>{1062c28d-fa69-4f7c-a713-211ca06a42e2}</UniqueIdentifier>
    </Filter>
    <Filter Include="Header Files\C">
      <UniqueIdentifier>{e26f1e3a-d2a1-4395-b69f-b544115ccef8}</UniqueIdentifier>
    </Filter>
    <Filter Include="Header Files\CXX">
      <UniqueIdentifier>{6d85368c-9231-462e-aa15-70ce456b4a8c}</UniqueIdentifier>
    </Filter>
  </ItemGroup>
  <ItemGroup>
    <ClCompile Include="..\ULog\source\C\C-Log.cpp">
      <Filter>Source Files\C</Filter>
    </ClCompile>
    <ClCompile Include="..\ULog\source\CXX\CXX-Logger.cpp">
      <Filter>Source Files\CXX</Filter>
    </ClCompile>
    <ClCompile Include="..\ULog\source\CXX\CXX-Message.cpp">
      <Filter>Source Files\CXX</Filter>
    </ClCompile>
    <ClCompile Include="..\ULog\source\CXX\CXX-SpinLock.cpp">
      <Filter>Source Files\CXX</Filter>
    </ClCompile>
    <ClCompile Include="..\ULog\source\CXX\CXX-Atomic.cpp">
      <Filter>Source Files\CXX</Filter>
    </ClCompile>
    <ClCompile Include="..\ULog\source\CXX\CXX-Log.cpp">
      <Filter>Source Files\CXX</Filter>
    </ClCompile>
    <ClCompile Include="..\ULog\source\CXX\CXX-CS-Message.cpp">
      <Filter>Source Files\CXX</Filter>
    </ClCompile>
    <ClCompile Include="..\ULog\source\CXX\CXX-CS-Logger.cpp">
      <Filter>Source Files\CXX</Filter>
    </ClCompile>
  </ItemGroup>
  <ItemGroup>
    <ClInclude Include="..\ULog\include\ULog\Macros.h">
      <Filter>Header Files</Filter>
    </ClInclude>
    <ClInclude Include="..\ULog\include\ULog\ULog.h">
      <Filter>Header Files</Filter>
    </ClInclude>
    <ClInclude Include="..\ULog\include\ULog\Base.h">
      <Filter>Header Files</Filter>
    </ClInclude>
    <ClInclude Include="..\ULog\include\ULog\C\Log.h">
      <Filter>Header Files\C</Filter>
    </ClInclude>
    <ClInclude Include="..\ULog\include\ULog\CXX\Log.hpp">
      <Filter>Header Files\CXX</Filter>
    </ClInclude>
    <ClInclude Include="..\ULog\include\ULog\CXX\Logger.hpp">
      <Filter>Header Files\CXX</Filter>
    </ClInclude>
    <ClInclude Include="..\ULog\include\ULog\CXX\Message.hpp">
      <Filter>Header Files\CXX</Filter>
    </ClInclude>
    <ClInclude Include="..\ULog\include\ULog\CXX\SpinLock.hpp">
      <Filter>Header Files\CXX</Filter>
    </ClInclude>
    <ClInclude Include="..\ULog\include\ULog\CXX\Atomic.hpp">
      <Filter>Header Files\CXX</Filter>
    </ClInclude>
  </ItemGroup>
</Project>